// !$*UTF8*$!
{
	archiveVersion = 1;
	classes = {
	};
	objectVersion = 55;
	objects = {

/* Begin PBXBuildFile section */
		1105706A2831876300CDF0E9 /* AuthButton.swift in Sources */ = {isa = PBXBuildFile; fileRef = 110570692831876300CDF0E9 /* AuthButton.swift */; };
		1105706C2831A0C200CDF0E9 /* FeedView.swift in Sources */ = {isa = PBXBuildFile; fileRef = 1105706B2831A0C200CDF0E9 /* FeedView.swift */; };
		110570712831A1BA00CDF0E9 /* PlayerView.swift in Sources */ = {isa = PBXBuildFile; fileRef = 110570702831A1BA00CDF0E9 /* PlayerView.swift */; };
		110570732831A1DF00CDF0E9 /* VideoView.swift in Sources */ = {isa = PBXBuildFile; fileRef = 110570722831A1DF00CDF0E9 /* VideoView.swift */; };
		110570752831A1EF00CDF0E9 /* RecoderView.swift in Sources */ = {isa = PBXBuildFile; fileRef = 110570742831A1EF00CDF0E9 /* RecoderView.swift */; };
		1135370C2830F043009BF629 /* testSwiftUIApp.swift in Sources */ = {isa = PBXBuildFile; fileRef = 1135370B2830F043009BF629 /* testSwiftUIApp.swift */; };
		1135370E2830F043009BF629 /* ContentView.swift in Sources */ = {isa = PBXBuildFile; fileRef = 1135370D2830F043009BF629 /* ContentView.swift */; };
		113537102830F045009BF629 /* Assets.xcassets in Resources */ = {isa = PBXBuildFile; fileRef = 1135370F2830F045009BF629 /* Assets.xcassets */; };
		113537132830F045009BF629 /* Preview Assets.xcassets in Resources */ = {isa = PBXBuildFile; fileRef = 113537122830F045009BF629 /* Preview Assets.xcassets */; };
		11CB27E12830F86000F480E6 /* LogoImage.swift in Sources */ = {isa = PBXBuildFile; fileRef = 11CB27E02830F86000F480E6 /* LogoImage.swift */; };
		11CB27E32830FD0600F480E6 /* AuthForm.swift in Sources */ = {isa = PBXBuildFile; fileRef = 11CB27E22830FD0600F480E6 /* AuthForm.swift */; };
		11CB27E52831007D00F480E6 /* AuthPage.swift in Sources */ = {isa = PBXBuildFile; fileRef = 11CB27E42831007D00F480E6 /* AuthPage.swift */; };
/* End PBXBuildFile section */

/* Begin PBXFileReference section */
		110570692831876300CDF0E9 /* AuthButton.swift */ = {isa = PBXFileReference; lastKnownFileType = sourcecode.swift; path = AuthButton.swift; sourceTree = "<group>"; };
		1105706B2831A0C200CDF0E9 /* FeedView.swift */ = {isa = PBXFileReference; lastKnownFileType = sourcecode.swift; path = FeedView.swift; sourceTree = "<group>"; };
		110570702831A1BA00CDF0E9 /* PlayerView.swift */ = {isa = PBXFileReference; lastKnownFileType = sourcecode.swift; path = PlayerView.swift; sourceTree = "<group>"; };
		110570722831A1DF00CDF0E9 /* VideoView.swift */ = {isa = PBXFileReference; lastKnownFileType = sourcecode.swift; path = VideoView.swift; sourceTree = "<group>"; };
		110570742831A1EF00CDF0E9 /* RecoderView.swift */ = {isa = PBXFileReference; lastKnownFileType = sourcecode.swift; path = RecoderView.swift; sourceTree = "<group>"; };
		113537082830F043009BF629 /* testSwiftUI.app */ = {isa = PBXFileReference; explicitFileType = wrapper.application; includeInIndex = 0; path = testSwiftUI.app; sourceTree = BUILT_PRODUCTS_DIR; };
		1135370B2830F043009BF629 /* testSwiftUIApp.swift */ = {isa = PBXFileReference; lastKnownFileType = sourcecode.swift; path = testSwiftUIApp.swift; sourceTree = "<group>"; };
		1135370D2830F043009BF629 /* ContentView.swift */ = {isa = PBXFileReference; lastKnownFileType = sourcecode.swift; path = ContentView.swift; sourceTree = "<group>"; };
		1135370F2830F045009BF629 /* Assets.xcassets */ = {isa = PBXFileReference; lastKnownFileType = folder.assetcatalog; path = Assets.xcassets; sourceTree = "<group>"; };
		113537122830F045009BF629 /* Preview Assets.xcassets */ = {isa = PBXFileReference; lastKnownFileType = folder.assetcatalog; path = "Preview Assets.xcassets"; sourceTree = "<group>"; };
		11CB27E02830F86000F480E6 /* LogoImage.swift */ = {isa = PBXFileReference; lastKnownFileType = sourcecode.swift; path = LogoImage.swift; sourceTree = "<group>"; };
		11CB27E22830FD0600F480E6 /* AuthForm.swift */ = {isa = PBXFileReference; lastKnownFileType = sourcecode.swift; path = AuthForm.swift; sourceTree = "<group>"; };
		11CB27E42831007D00F480E6 /* AuthPage.swift */ = {isa = PBXFileReference; lastKnownFileType = sourcecode.swift; path = AuthPage.swift; sourceTree = "<group>"; };
/* End PBXFileReference section */

/* Begin PBXFrameworksBuildPhase section */
		113537052830F043009BF629 /* Frameworks */ = {
			isa = PBXFrameworksBuildPhase;
			buildActionMask = 2147483647;
			files = (
			);
			runOnlyForDeploymentPostprocessing = 0;
		};
/* End PBXFrameworksBuildPhase section */

/* Begin PBXGroup section */
		1105706D2831A16D00CDF0E9 /* Feed */ = {
			isa = PBXGroup;
			children = (
				1105706B2831A0C200CDF0E9 /* FeedView.swift */,
			);
			path = Feed;
			sourceTree = "<group>";
		};
		110570762831A20100CDF0E9 /* Player */ = {
			isa = PBXGroup;
			children = (
				110570702831A1BA00CDF0E9 /* PlayerView.swift */,
			);
			path = Player;
			sourceTree = "<group>";
		};
		110570772831A20B00CDF0E9 /* Video */ = {
			isa = PBXGroup;
			children = (
				110570722831A1DF00CDF0E9 /* VideoView.swift */,
			);
			path = Video;
			sourceTree = "<group>";
		};
		110570782831A21600CDF0E9 /* Recoder */ = {
			isa = PBXGroup;
			children = (
				110570742831A1EF00CDF0E9 /* RecoderView.swift */,
			);
			path = Recoder;
			sourceTree = "<group>";
		};
		113536FF2830F043009BF629 = {
			isa = PBXGroup;
			children = (
				1135370A2830F043009BF629 /* testSwiftUI */,
				113537092830F043009BF629 /* Products */,
			);
			sourceTree = "<group>";
		};
		113537092830F043009BF629 /* Products */ = {
			isa = PBXGroup;
			children = (
				113537082830F043009BF629 /* testSwiftUI.app */,
			);
			name = Products;
			sourceTree = "<group>";
		};
		1135370A2830F043009BF629 /* testSwiftUI */ = {
			isa = PBXGroup;
			children = (
				1135370B2830F043009BF629 /* testSwiftUIApp.swift */,
				11CB27E72831867800F480E6 /* Views */,
				1135370F2830F045009BF629 /* Assets.xcassets */,
				113537112830F045009BF629 /* Preview Content */,
			);
			path = testSwiftUI;
			sourceTree = "<group>";
		};
		113537112830F045009BF629 /* Preview Content */ = {
			isa = PBXGroup;
			children = (
				113537122830F045009BF629 /* Preview Assets.xcassets */,
			);
			path = "Preview Content";
			sourceTree = "<group>";
		};
		11CB27E62831866000F480E6 /* Auth */ = {
			isa = PBXGroup;
			children = (
				11CB27E22830FD0600F480E6 /* AuthForm.swift */,
				110570692831876300CDF0E9 /* AuthButton.swift */,
				11CB27E42831007D00F480E6 /* AuthPage.swift */,
			);
			path = Auth;
			sourceTree = "<group>";
		};
		11CB27E72831867800F480E6 /* Views */ = {
			isa = PBXGroup;
			children = (
				1135370D2830F043009BF629 /* ContentView.swift */,
				1105706D2831A16D00CDF0E9 /* Feed */,
				11CB27E62831866000F480E6 /* Auth */,
				11CB27E82831868D00F480E6 /* Helpers */,
				110570762831A20100CDF0E9 /* Player */,
				110570772831A20B00CDF0E9 /* Video */,
				110570782831A21600CDF0E9 /* Recoder */,
			);
			path = Views;
			sourceTree = "<group>";
		};
		11CB27E82831868D00F480E6 /* Helpers */ = {
			isa = PBXGroup;
			children = (
				11CB27E02830F86000F480E6 /* LogoImage.swift */,
			);
			path = Helpers;
			sourceTree = "<group>";
		};
/* End PBXGroup section */

/* Begin PBXNativeTarget section */
		113537072830F043009BF629 /* testSwiftUI */ = {
			isa = PBXNativeTarget;
			buildConfigurationList = 113537162830F045009BF629 /* Build configuration list for PBXNativeTarget "testSwiftUI" */;
			buildPhases = (
				113537042830F043009BF629 /* Sources */,
				113537052830F043009BF629 /* Frameworks */,
				113537062830F043009BF629 /* Resources */,
			);
			buildRules = (
			);
			dependencies = (
			);
			name = testSwiftUI;
			productName = testSwiftUI;
			productReference = 113537082830F043009BF629 /* testSwiftUI.app */;
			productType = "com.apple.product-type.application";
		};
/* End PBXNativeTarget section */

/* Begin PBXProject section */
		113537002830F043009BF629 /* Project object */ = {
			isa = PBXProject;
			attributes = {
				BuildIndependentTargetsInParallel = 1;
				LastSwiftUpdateCheck = 1330;
				LastUpgradeCheck = 1330;
				TargetAttributes = {
					113537072830F043009BF629 = {
						CreatedOnToolsVersion = 13.3.1;
					};
				};
			};
			buildConfigurationList = 113537032830F043009BF629 /* Build configuration list for PBXProject "testSwiftUI" */;
			compatibilityVersion = "Xcode 13.0";
			developmentRegion = en;
			hasScannedForEncodings = 0;
			knownRegions = (
				en,
				Base,
			);
			mainGroup = 113536FF2830F043009BF629;
			productRefGroup = 113537092830F043009BF629 /* Products */;
			projectDirPath = "";
			projectRoot = "";
			targets = (
				113537072830F043009BF629 /* testSwiftUI */,
			);
		};
/* End PBXProject section */

/* Begin PBXResourcesBuildPhase section */
		113537062830F043009BF629 /* Resources */ = {
			isa = PBXResourcesBuildPhase;
			buildActionMask = 2147483647;
			files = (
				113537132830F045009BF629 /* Preview Assets.xcassets in Resources */,
				113537102830F045009BF629 /* Assets.xcassets in Resources */,
			);
			runOnlyForDeploymentPostprocessing = 0;
		};
/* End PBXResourcesBuildPhase section */

/* Begin PBXSourcesBuildPhase section */
		113537042830F043009BF629 /* Sources */ = {
			isa = PBXSourcesBuildPhase;
			buildActionMask = 2147483647;
			files = (
				1105706C2831A0C200CDF0E9 /* FeedView.swift in Sources */,
				110570752831A1EF00CDF0E9 /* RecoderView.swift in Sources */,
				11CB27E32830FD0600F480E6 /* AuthForm.swift in Sources */,
				1105706A2831876300CDF0E9 /* AuthButton.swift in Sources */,
				110570712831A1BA00CDF0E9 /* PlayerView.swift in Sources */,
				11CB27E12830F86000F480E6 /* LogoImage.swift in Sources */,
				1135370E2830F043009BF629 /* ContentView.swift in Sources */,
				110570732831A1DF00CDF0E9 /* VideoView.swift in Sources */,
				11CB27E52831007D00F480E6 /* AuthPage.swift in Sources */,
				1135370C2830F043009BF629 /* testSwiftUIApp.swift in Sources */,
			);
			runOnlyForDeploymentPostprocessing = 0;
		};
/* End PBXSourcesBuildPhase section */

/* Begin XCBuildConfiguration section */
		113537142830F045009BF629 /* Debug */ = {
			isa = XCBuildConfiguration;
			buildSettings = {
				ALWAYS_SEARCH_USER_PATHS = NO;
				CLANG_ANALYZER_NONNULL = YES;
				CLANG_ANALYZER_NUMBER_OBJECT_CONVERSION = YES_AGGRESSIVE;
				CLANG_CXX_LANGUAGE_STANDARD = "gnu++17";
				CLANG_ENABLE_MODULES = YES;
				CLANG_ENABLE_OBJC_ARC = YES;
				CLANG_ENABLE_OBJC_WEAK = YES;
				CLANG_WARN_BLOCK_CAPTURE_AUTORELEASING = YES;
				CLANG_WARN_BOOL_CONVERSION = YES;
				CLANG_WARN_COMMA = YES;
				CLANG_WARN_CONSTANT_CONVERSION = YES;
				CLANG_WARN_DEPRECATED_OBJC_IMPLEMENTATIONS = YES;
				CLANG_WARN_DIRECT_OBJC_ISA_USAGE = YES_ERROR;
				CLANG_WARN_DOCUMENTATION_COMMENTS = YES;
				CLANG_WARN_EMPTY_BODY = YES;
				CLANG_WARN_ENUM_CONVERSION = YES;
				CLANG_WARN_INFINITE_RECURSION = YES;
				CLANG_WARN_INT_CONVERSION = YES;
				CLANG_WARN_NON_LITERAL_NULL_CONVERSION = YES;
				CLANG_WARN_OBJC_IMPLICIT_RETAIN_SELF = YES;
				CLANG_WARN_OBJC_LITERAL_CONVERSION = YES;
				CLANG_WARN_OBJC_ROOT_CLASS = YES_ERROR;
				CLANG_WARN_QUOTED_INCLUDE_IN_FRAMEWORK_HEADER = YES;
				CLANG_WARN_RANGE_LOOP_ANALYSIS = YES;
				CLANG_WARN_STRICT_PROTOTYPES = YES;
				CLANG_WARN_SUSPICIOUS_MOVE = YES;
				CLANG_WARN_UNGUARDED_AVAILABILITY = YES_AGGRESSIVE;
				CLANG_WARN_UNREACHABLE_CODE = YES;
				CLANG_WARN__DUPLICATE_METHOD_MATCH = YES;
				COPY_PHASE_STRIP = NO;
				DEBUG_INFORMATION_FORMAT = dwarf;
				ENABLE_STRICT_OBJC_MSGSEND = YES;
				ENABLE_TESTABILITY = YES;
				GCC_C_LANGUAGE_STANDARD = gnu11;
				GCC_DYNAMIC_NO_PIC = NO;
				GCC_NO_COMMON_BLOCKS = YES;
				GCC_OPTIMIZATION_LEVEL = 0;
				GCC_PREPROCESSOR_DEFINITIONS = (
					"DEBUG=1",
					"$(inherited)",
				);
				GCC_WARN_64_TO_32_BIT_CONVERSION = YES;
				GCC_WARN_ABOUT_RETURN_TYPE = YES_ERROR;
				GCC_WARN_UNDECLARED_SELECTOR = YES;
				GCC_WARN_UNINITIALIZED_AUTOS = YES_AGGRESSIVE;
				GCC_WARN_UNUSED_FUNCTION = YES;
				GCC_WARN_UNUSED_VARIABLE = YES;
				IPHONEOS_DEPLOYMENT_TARGET = 15.4;
				MTL_ENABLE_DEBUG_INFO = INCLUDE_SOURCE;
				MTL_FAST_MATH = YES;
				ONLY_ACTIVE_ARCH = YES;
				SDKROOT = iphoneos;
				SWIFT_ACTIVE_COMPILATION_CONDITIONS = DEBUG;
				SWIFT_OPTIMIZATION_LEVEL = "-Onone";
			};
			name = Debug;
		};
		113537152830F045009BF629 /* Release */ = {
			isa = XCBuildConfiguration;
			buildSettings = {
				ALWAYS_SEARCH_USER_PATHS = NO;
				CLANG_ANALYZER_NONNULL = YES;
				CLANG_ANALYZER_NUMBER_OBJECT_CONVERSION = YES_AGGRESSIVE;
				CLANG_CXX_LANGUAGE_STANDARD = "gnu++17";
				CLANG_ENABLE_MODULES = YES;
				CLANG_ENABLE_OBJC_ARC = YES;
				CLANG_ENABLE_OBJC_WEAK = YES;
				CLANG_WARN_BLOCK_CAPTURE_AUTORELEASING = YES;
				CLANG_WARN_BOOL_CONVERSION = YES;
				CLANG_WARN_COMMA = YES;
				CLANG_WARN_CONSTANT_CONVERSION = YES;
				CLANG_WARN_DEPRECATED_OBJC_IMPLEMENTATIONS = YES;
				CLANG_WARN_DIRECT_OBJC_ISA_USAGE = YES_ERROR;
				CLANG_WARN_DOCUMENTATION_COMMENTS = YES;
				CLANG_WARN_EMPTY_BODY = YES;
				CLANG_WARN_ENUM_CONVERSION = YES;
				CLANG_WARN_INFINITE_RECURSION = YES;
				CLANG_WARN_INT_CONVERSION = YES;
				CLANG_WARN_NON_LITERAL_NULL_CONVERSION = YES;
				CLANG_WARN_OBJC_IMPLICIT_RETAIN_SELF = YES;
				CLANG_WARN_OBJC_LITERAL_CONVERSION = YES;
				CLANG_WARN_OBJC_ROOT_CLASS = YES_ERROR;
				CLANG_WARN_QUOTED_INCLUDE_IN_FRAMEWORK_HEADER = YES;
				CLANG_WARN_RANGE_LOOP_ANALYSIS = YES;
				CLANG_WARN_STRICT_PROTOTYPES = YES;
				CLANG_WARN_SUSPICIOUS_MOVE = YES;
				CLANG_WARN_UNGUARDED_AVAILABILITY = YES_AGGRESSIVE;
				CLANG_WARN_UNREACHABLE_CODE = YES;
				CLANG_WARN__DUPLICATE_METHOD_MATCH = YES;
				COPY_PHASE_STRIP = NO;
				DEBUG_INFORMATION_FORMAT = "dwarf-with-dsym";
				ENABLE_NS_ASSERTIONS = NO;
				ENABLE_STRICT_OBJC_MSGSEND = YES;
				GCC_C_LANGUAGE_STANDARD = gnu11;
				GCC_NO_COMMON_BLOCKS = YES;
				GCC_WARN_64_TO_32_BIT_CONVERSION = YES;
				GCC_WARN_ABOUT_RETURN_TYPE = YES_ERROR;
				GCC_WARN_UNDECLARED_SELECTOR = YES;
				GCC_WARN_UNINITIALIZED_AUTOS = YES_AGGRESSIVE;
				GCC_WARN_UNUSED_FUNCTION = YES;
				GCC_WARN_UNUSED_VARIABLE = YES;
				IPHONEOS_DEPLOYMENT_TARGET = 15.4;
				MTL_ENABLE_DEBUG_INFO = NO;
				MTL_FAST_MATH = YES;
				SDKROOT = iphoneos;
				SWIFT_COMPILATION_MODE = wholemodule;
				SWIFT_OPTIMIZATION_LEVEL = "-O";
				VALIDATE_PRODUCT = YES;
			};
			name = Release;
		};
		113537172830F045009BF629 /* Debug */ = {
			isa = XCBuildConfiguration;
			buildSettings = {
				ASSETCATALOG_COMPILER_APPICON_NAME = AppIcon;
				ASSETCATALOG_COMPILER_GLOBAL_ACCENT_COLOR_NAME = AccentColor;
				CODE_SIGN_STYLE = Automatic;
				CURRENT_PROJECT_VERSION = 1;
				DEVELOPMENT_ASSET_PATHS = "\"testSwiftUI/Preview Content\"";
				DEVELOPMENT_TEAM = 6KKCSVG8J3;
				ENABLE_PREVIEWS = YES;
				GENERATE_INFOPLIST_FILE = YES;
				INFOPLIST_KEY_UIApplicationSceneManifest_Generation = YES;
				INFOPLIST_KEY_UIApplicationSupportsIndirectInputEvents = YES;
				INFOPLIST_KEY_UILaunchScreen_Generation = YES;
				INFOPLIST_KEY_UISupportedInterfaceOrientations_iPad = "UIInterfaceOrientationPortrait UIInterfaceOrientationPortraitUpsideDown UIInterfaceOrientationLandscapeLeft UIInterfaceOrientationLandscapeRight";
				INFOPLIST_KEY_UISupportedInterfaceOrientations_iPhone = "UIInterfaceOrientationPortrait UIInterfaceOrientationLandscapeLeft UIInterfaceOrientationLandscapeRight";
				LD_RUNPATH_SEARCH_PATHS = (
					"$(inherited)",
					"@executable_path/Frameworks",
				);
				MARKETING_VERSION = 1.0;
				PRODUCT_BUNDLE_IDENTIFIER = com.gin.testSwiftUI;
				PRODUCT_NAME = "$(TARGET_NAME)";
				SWIFT_EMIT_LOC_STRINGS = YES;
				SWIFT_VERSION = 5.0;
				TARGETED_DEVICE_FAMILY = "1,2";
			};
			name = Debug;
		};
		113537182830F045009BF629 /* Release */ = {
			isa = XCBuildConfiguration;
			buildSettings = {
				ASSETCATALOG_COMPILER_APPICON_NAME = AppIcon;
				ASSETCATALOG_COMPILER_GLOBAL_ACCENT_COLOR_NAME = AccentColor;
				CODE_SIGN_STYLE = Automatic;
				CURRENT_PROJECT_VERSION = 1;
				DEVELOPMENT_ASSET_PATHS = "\"testSwiftUI/Preview Content\"";
				DEVELOPMENT_TEAM = 6KKCSVG8J3;
				ENABLE_PREVIEWS = YES;
				GENERATE_INFOPLIST_FILE = YES;
				INFOPLIST_KEY_UIApplicationSceneManifest_Generation = YES;
				INFOPLIST_KEY_UIApplicationSupportsIndirectInputEvents = YES;
				INFOPLIST_KEY_UILaunchScreen_Generation = YES;
				INFOPLIST_KEY_UISupportedInterfaceOrientations_iPad = "UIInterfaceOrientationPortrait UIInterfaceOrientationPortraitUpsideDown UIInterfaceOrientationLandscapeLeft UIInterfaceOrientationLandscapeRight";
				INFOPLIST_KEY_UISupportedInterfaceOrientations_iPhone = "UIInterfaceOrientationPortrait UIInterfaceOrientationLandscapeLeft UIInterfaceOrientationLandscapeRight";
				LD_RUNPATH_SEARCH_PATHS = (
					"$(inherited)",
					"@executable_path/Frameworks",
				);
				MARKETING_VERSION = 1.0;
				PRODUCT_BUNDLE_IDENTIFIER = com.gin.testSwiftUI;
				PRODUCT_NAME = "$(TARGET_NAME)";
				SWIFT_EMIT_LOC_STRINGS = YES;
				SWIFT_VERSION = 5.0;
				TARGETED_DEVICE_FAMILY = "1,2";
			};
			name = Release;
		};
/* End XCBuildConfiguration section */

/* Begin XCConfigurationList section */
		113537032830F043009BF629 /* Build configuration list for PBXProject "testSwiftUI" */ = {
			isa = XCConfigurationList;
			buildConfigurations = (
				113537142830F045009BF629 /* Debug */,
				113537152830F045009BF629 /* Release */,
			);
			defaultConfigurationIsVisible = 0;
			defaultConfigurationName = Release;
		};
		113537162830F045009BF629 /* Build configuration list for PBXNativeTarget "testSwiftUI" */ = {
			isa = XCConfigurationList;
			buildConfigurations = (
				113537172830F045009BF629 /* Debug */,
				113537182830F045009BF629 /* Release */,
			);
			defaultConfigurationIsVisible = 0;
			defaultConfigurationName = Release;
		};
/* End XCConfigurationList section */
	};
	rootObject = 113537002830F043009BF629 /* Project object */;
}
